
Microsoft Visual Studio Solution File, Format Version 12.00
# Visual Studio Version 17
VisualStudioVersion = 17.8.34316.72
MinimumVisualStudioVersion = 10.0.40219.1
Project("{2150E333-8FDC-42A3-9474-1A3956D46DE8}") = "src", "src", "{A1455CAB-0BED-4444-9076-BB11DF7AFC07}"
EndProject
Project("{2150E333-8FDC-42A3-9474-1A3956D46DE8}") = "examples", "examples", "{829AE618-27F9-41B9-8EBC-E70BB983CA61}"
EndProject
Project("{9A19103F-16F7-4668-BE54-9A1E7A4F7556}") = "IntlTelInputBlazor", "src\IntlTelInputBlazor\IntlTelInputBlazor.csproj", "{0A2E3FFF-9D24-4FBA-90FD-A4293ACB0654}"
EndProject
Project("{FAE04EC0-301F-11D3-BF4B-00C04F79EFBC}") = "BlazorWebApp", "examples\BlazorWebApp\BlazorWebApp\BlazorWebApp.csproj", "{9629C1E4-65F1-4C1F-9C56-0A6A52737A96}"
EndProject
Project("{FAE04EC0-301F-11D3-BF4B-00C04F79EFBC}") = "BlazorWebApp.Client", "examples\BlazorWebApp\BlazorWebApp.Client\BlazorWebApp.Client.csproj", "{A7D5EBA7-9B6D-4B36-A430-98B0EDA08722}"
EndProject
Global
	GlobalSection(SolutionConfigurationPlatforms) = preSolution
		Debug|Any CPU = Debug|Any CPU
		Release|Any CPU = Release|Any CPU
	EndGlobalSection
	GlobalSection(ProjectConfigurationPlatforms) = postSolution
		{0A2E3FFF-9D24-4FBA-90FD-A4293ACB0654}.Debug|Any CPU.ActiveCfg = Debug|Any CPU
		{0A2E3FFF-9D24-4FBA-90FD-A4293ACB0654}.Debug|Any CPU.Build.0 = Debug|Any CPU
		{0A2E3FFF-9D24-4FBA-90FD-A4293ACB0654}.Release|Any CPU.ActiveCfg = Release|Any CPU
		{0A2E3FFF-9D24-4FBA-90FD-A4293ACB0654}.Release|Any CPU.Build.0 = Release|Any CPU
		{9629C1E4-65F1-4C1F-9C56-0A6A52737A96}.Debug|Any CPU.ActiveCfg = Debug|Any CPU
		{9629C1E4-65F1-4C1F-9C56-0A6A52737A96}.Debug|Any CPU.Build.0 = Debug|Any CPU
		{9629C1E4-65F1-4C1F-9C56-0A6A52737A96}.Release|Any CPU.ActiveCfg = Release|Any CPU
		{9629C1E4-65F1-4C1F-9C56-0A6A52737A96}.Release|Any CPU.Build.0 = Release|Any CPU
		{A7D5EBA7-9B6D-4B36-A430-98B0EDA08722}.Debug|Any CPU.ActiveCfg = Debug|Any CPU
		{A7D5EBA7-9B6D-4B36-A430-98B0EDA08722}.Debug|Any CPU.Build.0 = Debug|Any CPU
		{A7D5EBA7-9B6D-4B36-A430-98B0EDA08722}.Release|Any CPU.ActiveCfg = Release|Any CPU
		{A7D5EBA7-9B6D-4B36-A430-98B0EDA08722}.Release|Any CPU.Build.0 = Release|Any CPU
	EndGlobalSection
	GlobalSection(SolutionProperties) = preSolution
		HideSolutionNode = FALSE
	EndGlobalSection
	GlobalSection(NestedProjects) = preSolution
		{0A2E3FFF-9D24-4FBA-90FD-A4293ACB0654} = {A1455CAB-0BED-4444-9076-BB11DF7AFC07}
		{9629C1E4-65F1-4C1F-9C56-0A6A52737A96} = {829AE618-27F9-41B9-8EBC-E70BB983CA61}
		{A7D5EBA7-9B6D-4B36-A430-98B0EDA08722} = {829AE618-27F9-41B9-8EBC-E70BB983CA61}
	EndGlobalSection
	GlobalSection(ExtensibilityGlobals) = postSolution
		SolutionGuid = {7005E972-EFA2-4EF2-A601-6422A0B07E09}
	EndGlobalSection
EndGlobal
